// !$*UTF8*$!
{
	archiveVersion = 1;
	classes = {
	};
	objectVersion = 56;
	objects = {

/* Begin PBXBuildFile section */
		892F1AC72B9C05D000188704 /* AppleiPhoneChooseApp.swift in Sources */ = {isa = PBXBuildFile; fileRef = 892F1AC62B9C05D000188704 /* AppleiPhoneChooseApp.swift */; };
		892F1AC92B9C05D000188704 /* ContentView.swift in Sources */ = {isa = PBXBuildFile; fileRef = 892F1AC82B9C05D000188704 /* ContentView.swift */; };
		892F1ACB2B9C05D300188704 /* Assets.xcassets in Resources */ = {isa = PBXBuildFile; fileRef = 892F1ACA2B9C05D300188704 /* Assets.xcassets */; };
		892F1ACE2B9C05D300188704 /* Preview Assets.xcassets in Resources */ = {isa = PBXBuildFile; fileRef = 892F1ACD2B9C05D300188704 /* Preview Assets.xcassets */; };
		892F1AD82B9C05D400188704 /* AppleiPhoneChooseTests.swift in Sources */ = {isa = PBXBuildFile; fileRef = 892F1AD72B9C05D400188704 /* AppleiPhoneChooseTests.swift */; };
		892F1AE22B9C05D400188704 /* AppleiPhoneChooseUITests.swift in Sources */ = {isa = PBXBuildFile; fileRef = 892F1AE12B9C05D400188704 /* AppleiPhoneChooseUITests.swift */; };
		892F1AE42B9C05D400188704 /* AppleiPhoneChooseUITestsLaunchTests.swift in Sources */ = {isa = PBXBuildFile; fileRef = 892F1AE32B9C05D400188704 /* AppleiPhoneChooseUITestsLaunchTests.swift */; };
/* End PBXBuildFile section */

/* Begin PBXContainerItemProxy section */
		892F1AD42B9C05D400188704 /* PBXContainerItemProxy */ = {
			isa = PBXContainerItemProxy;
			containerPortal = 892F1ABB2B9C05D000188704 /* Project object */;
			proxyType = 1;
			remoteGlobalIDString = 892F1AC22B9C05D000188704;
			remoteInfo = AppleiPhoneChoose;
		};
		892F1ADE2B9C05D400188704 /* PBXContainerItemProxy */ = {
			isa = PBXContainerItemProxy;
			containerPortal = 892F1ABB2B9C05D000188704 /* Project object */;
			proxyType = 1;
			remoteGlobalIDString = 892F1AC22B9C05D000188704;
			remoteInfo = AppleiPhoneChoose;
		};
/* End PBXContainerItemProxy section */

/* Begin PBXFileReference section */
		892F1AC32B9C05D000188704 /* AppleiPhoneChoose.app */ = {isa = PBXFileReference; explicitFileType = wrapper.application; includeInIndex = 0; path = AppleiPhoneChoose.app; sourceTree = BUILT_PRODUCTS_DIR; };
		892F1AC62B9C05D000188704 /* AppleiPhoneChooseApp.swift */ = {isa = PBXFileReference; lastKnownFileType = sourcecode.swift; path = AppleiPhoneChooseApp.swift; sourceTree = "<group>"; };
		892F1AC82B9C05D000188704 /* ContentView.swift */ = {isa = PBXFileReference; lastKnownFileType = sourcecode.swift; path = ContentView.swift; sourceTree = "<group>"; };
		892F1ACA2B9C05D300188704 /* Assets.xcassets */ = {isa = PBXFileReference; lastKnownFileType = folder.assetcatalog; path = Assets.xcassets; sourceTree = "<group>"; };
		892F1ACD2B9C05D300188704 /* Preview Assets.xcassets */ = {isa = PBXFileReference; lastKnownFileType = folder.assetcatalog; path = "Preview Assets.xcassets"; sourceTree = "<group>"; };
		892F1AD32B9C05D400188704 /* AppleiPhoneChooseTests.xctest */ = {isa = PBXFileReference; explicitFileType = wrapper.cfbundle; includeInIndex = 0; path = AppleiPhoneChooseTests.xctest; sourceTree = BUILT_PRODUCTS_DIR; };
		892F1AD72B9C05D400188704 /* AppleiPhoneChooseTests.swift */ = {isa = PBXFileReference; lastKnownFileType = sourcecode.swift; path = AppleiPhoneChooseTests.swift; sourceTree = "<group>"; };
		892F1ADD2B9C05D400188704 /* AppleiPhoneChooseUITests.xctest */ = {isa = PBXFileReference; explicitFileType = wrapper.cfbundle; includeInIndex = 0; path = AppleiPhoneChooseUITests.xctest; sourceTree = BUILT_PRODUCTS_DIR; };
		892F1AE12B9C05D400188704 /* AppleiPhoneChooseUITests.swift */ = {isa = PBXFileReference; lastKnownFileType = sourcecode.swift; path = AppleiPhoneChooseUITests.swift; sourceTree = "<group>"; };
		892F1AE32B9C05D400188704 /* AppleiPhoneChooseUITestsLaunchTests.swift */ = {isa = PBXFileReference; lastKnownFileType = sourcecode.swift; path = AppleiPhoneChooseUITestsLaunchTests.swift; sourceTree = "<group>"; };
/* End PBXFileReference section */

/* Begin PBXFrameworksBuildPhase section */
		892F1AC02B9C05D000188704 /* Frameworks */ = {
			isa = PBXFrameworksBuildPhase;
			buildActionMask = 2147483647;
			files = (
			);
			runOnlyForDeploymentPostprocessing = 0;
		};
		892F1AD02B9C05D400188704 /* Frameworks */ = {
			isa = PBXFrameworksBuildPhase;
			buildActionMask = 2147483647;
			files = (
			);
			runOnlyForDeploymentPostprocessing = 0;
		};
		892F1ADA2B9C05D400188704 /* Frameworks */ = {
			isa = PBXFrameworksBuildPhase;
			buildActionMask = 2147483647;
			files = (
			);
			runOnlyForDeploymentPostprocessing = 0;
		};
/* End PBXFrameworksBuildPhase section */

/* Begin PBXGroup section */
		892F1ABA2B9C05D000188704 = {
			isa = PBXGroup;
			children = (
				892F1AC52B9C05D000188704 /* AppleiPhoneChoose */,
				892F1AD62B9C05D400188704 /* AppleiPhoneChooseTests */,
				892F1AE02B9C05D400188704 /* AppleiPhoneChooseUITests */,
				892F1AC42B9C05D000188704 /* Products */,
			);
			sourceTree = "<group>";
		};
		892F1AC42B9C05D000188704 /* Products */ = {
			isa = PBXGroup;
			children = (
				892F1AC32B9C05D000188704 /* AppleiPhoneChoose.app */,
				892F1AD32B9C05D400188704 /* AppleiPhoneChooseTests.xctest */,
				892F1ADD2B9C05D400188704 /* AppleiPhoneChooseUITests.xctest */,
			);
			name = Products;
			sourceTree = "<group>";
		};
		892F1AC52B9C05D000188704 /* AppleiPhoneChoose */ = {
			isa = PBXGroup;
			children = (
				892F1AC62B9C05D000188704 /* AppleiPhoneChooseApp.swift */,
				892F1AC82B9C05D000188704 /* ContentView.swift */,
				892F1ACA2B9C05D300188704 /* Assets.xcassets */,
				892F1ACC2B9C05D300188704 /* Preview Content */,
			);
			path = AppleiPhoneChoose;
			sourceTree = "<group>";
		};
		892F1ACC2B9C05D300188704 /* Preview Content */ = {
			isa = PBXGroup;
			children = (
				892F1ACD2B9C05D300188704 /* Preview Assets.xcassets */,
			);
			path = "Preview Content";
			sourceTree = "<group>";
		};
		892F1AD62B9C05D400188704 /* AppleiPhoneChooseTests */ = {
			isa = PBXGroup;
			children = (
				892F1AD72B9C05D400188704 /* AppleiPhoneChooseTests.swift */,
			);
			path = AppleiPhoneChooseTests;
			sourceTree = "<group>";
		};
		892F1AE02B9C05D400188704 /* AppleiPhoneChooseUITests */ = {
			isa = PBXGroup;
			children = (
				892F1AE12B9C05D400188704 /* AppleiPhoneChooseUITests.swift */,
				892F1AE32B9C05D400188704 /* AppleiPhoneChooseUITestsLaunchTests.swift */,
			);
			path = AppleiPhoneChooseUITests;
			sourceTree = "<group>";
		};
/* End PBXGroup section */

/* Begin PBXNativeTarget section */
		892F1AC22B9C05D000188704 /* AppleiPhoneChoose */ = {
			isa = PBXNativeTarget;
			buildConfigurationList = 892F1AE72B9C05D400188704 /* Build configuration list for PBXNativeTarget "AppleiPhoneChoose" */;
			buildPhases = (
				892F1ABF2B9C05D000188704 /* Sources */,
				892F1AC02B9C05D000188704 /* Frameworks */,
				892F1AC12B9C05D000188704 /* Resources */,
			);
			buildRules = (
			);
			dependencies = (
			);
			name = AppleiPhoneChoose;
			productName = AppleiPhoneChoose;
			productReference = 892F1AC32B9C05D000188704 /* AppleiPhoneChoose.app */;
			productType = "com.apple.product-type.application";
		};
		892F1AD22B9C05D400188704 /* AppleiPhoneChooseTests */ = {
			isa = PBXNativeTarget;
			buildConfigurationList = 892F1AEA2B9C05D400188704 /* Build configuration list for PBXNativeTarget "AppleiPhoneChooseTests" */;
			buildPhases = (
				892F1ACF2B9C05D400188704 /* Sources */,
				892F1AD02B9C05D400188704 /* Frameworks */,
				892F1AD12B9C05D400188704 /* Resources */,
			);
			buildRules = (
			);
			dependencies = (
				892F1AD52B9C05D400188704 /* PBXTargetDependency */,
			);
			name = AppleiPhoneChooseTests;
			productName = AppleiPhoneChooseTests;
			productReference = 892F1AD32B9C05D400188704 /* AppleiPhoneChooseTests.xctest */;
			productType = "com.apple.product-type.bundle.unit-test";
		};
		892F1ADC2B9C05D400188704 /* AppleiPhoneChooseUITests */ = {
			isa = PBXNativeTarget;
			buildConfigurationList = 892F1AED2B9C05D400188704 /* Build configuration list for PBXNativeTarget "AppleiPhoneChooseUITests" */;
			buildPhases = (
				892F1AD92B9C05D400188704 /* Sources */,
				892F1ADA2B9C05D400188704 /* Frameworks */,
				892F1ADB2B9C05D400188704 /* Resources */,
			);
			buildRules = (
			);
			dependencies = (
				892F1ADF2B9C05D400188704 /* PBXTargetDependency */,
			);
			name = AppleiPhoneChooseUITests;
			productName = AppleiPhoneChooseUITests;
			productReference = 892F1ADD2B9C05D400188704 /* AppleiPhoneChooseUITests.xctest */;
			productType = "com.apple.product-type.bundle.ui-testing";
		};
/* End PBXNativeTarget section */

/* Begin PBXProject section */
		892F1ABB2B9C05D000188704 /* Project object */ = {
			isa = PBXProject;
			attributes = {
				BuildIndependentTargetsInParallel = 1;
				LastSwiftUpdateCheck = 1530;
				LastUpgradeCheck = 1530;
				TargetAttributes = {
					892F1AC22B9C05D000188704 = {
						CreatedOnToolsVersion = 15.3;
					};
					892F1AD22B9C05D400188704 = {
						CreatedOnToolsVersion = 15.3;
						TestTargetID = 892F1AC22B9C05D000188704;
					};
					892F1ADC2B9C05D400188704 = {
						CreatedOnToolsVersion = 15.3;
						TestTargetID = 892F1AC22B9C05D000188704;
					};
				};
			};
			buildConfigurationList = 892F1ABE2B9C05D000188704 /* Build configuration list for PBXProject "AppleiPhoneChoose" */;
			compatibilityVersion = "Xcode 14.0";
			developmentRegion = en;
			hasScannedForEncodings = 0;
			knownRegions = (
				en,
				Base,
			);
			mainGroup = 892F1ABA2B9C05D000188704;
			productRefGroup = 892F1AC42B9C05D000188704 /* Products */;
			projectDirPath = "";
			projectRoot = "";
			targets = (
				892F1AC22B9C05D000188704 /* AppleiPhoneChoose */,
				892F1AD22B9C05D400188704 /* AppleiPhoneChooseTests */,
				892F1ADC2B9C05D400188704 /* AppleiPhoneChooseUITests */,
			);
		};
/* End PBXProject section */

/* Begin PBXResourcesBuildPhase section */
		892F1AC12B9C05D000188704 /* Resources */ = {
			isa = PBXResourcesBuildPhase;
			buildActionMask = 2147483647;
			files = (
				892F1ACE2B9C05D300188704 /* Preview Assets.xcassets in Resources */,
				892F1ACB2B9C05D300188704 /* Assets.xcassets in Resources */,
			);
			runOnlyForDeploymentPostprocessing = 0;
		};
		892F1AD12B9C05D400188704 /* Resources */ = {
			isa = PBXResourcesBuildPhase;
			buildActionMask = 2147483647;
			files = (
			);
			runOnlyForDeploymentPostprocessing = 0;
		};
		892F1ADB2B9C05D400188704 /* Resources */ = {
			isa = PBXResourcesBuildPhase;
			buildActionMask = 2147483647;
			files = (
			);
			runOnlyForDeploymentPostprocessing = 0;
		};
/* End PBXResourcesBuildPhase section */

/* Begin PBXSourcesBuildPhase section */
		892F1ABF2B9C05D000188704 /* Sources */ = {
			isa = PBXSourcesBuildPhase;
			buildActionMask = 2147483647;
			files = (
				892F1AC92B9C05D000188704 /* ContentView.swift in Sources */,
				892F1AC72B9C05D000188704 /* AppleiPhoneChooseApp.swift in Sources */,
			);
			runOnlyForDeploymentPostprocessing = 0;
		};
		892F1ACF2B9C05D400188704 /* Sources */ = {
			isa = PBXSourcesBuildPhase;
			buildActionMask = 2147483647;
			files = (
				892F1AD82B9C05D400188704 /* AppleiPhoneChooseTests.swift in Sources */,
			);
			runOnlyForDeploymentPostprocessing = 0;
		};
		892F1AD92B9C05D400188704 /* Sources */ = {
			isa = PBXSourcesBuildPhase;
			buildActionMask = 2147483647;
			files = (
				892F1AE22B9C05D400188704 /* AppleiPhoneChooseUITests.swift in Sources */,
				892F1AE42B9C05D400188704 /* AppleiPhoneChooseUITestsLaunchTests.swift in Sources */,
			);
			runOnlyForDeploymentPostprocessing = 0;
		};
/* End PBXSourcesBuildPhase section */

/* Begin PBXTargetDependency section */
		892F1AD52B9C05D400188704 /* PBXTargetDependency */ = {
			isa = PBXTargetDependency;
			target = 892F1AC22B9C05D000188704 /* AppleiPhoneChoose */;
			targetProxy = 892F1AD42B9C05D400188704 /* PBXContainerItemProxy */;
		};
		892F1ADF2B9C05D400188704 /* PBXTargetDependency */ = {
			isa = PBXTargetDependency;
			target = 892F1AC22B9C05D000188704 /* AppleiPhoneChoose */;
			targetProxy = 892F1ADE2B9C05D400188704 /* PBXContainerItemProxy */;
		};
/* End PBXTargetDependency section */

/* Begin XCBuildConfiguration section */
		892F1AE52B9C05D400188704 /* Debug */ = {
			isa = XCBuildConfiguration;
			buildSettings = {
				ALWAYS_SEARCH_USER_PATHS = NO;
				ASSETCATALOG_COMPILER_GENERATE_SWIFT_ASSET_SYMBOL_EXTENSIONS = YES;
				CLANG_ANALYZER_NONNULL = YES;
				CLANG_ANALYZER_NUMBER_OBJECT_CONVERSION = YES_AGGRESSIVE;
				CLANG_CXX_LANGUAGE_STANDARD = "gnu++20";
				CLANG_ENABLE_MODULES = YES;
				CLANG_ENABLE_OBJC_ARC = YES;
				CLANG_ENABLE_OBJC_WEAK = YES;
				CLANG_WARN_BLOCK_CAPTURE_AUTORELEASING = YES;
				CLANG_WARN_BOOL_CONVERSION = YES;
				CLANG_WARN_COMMA = YES;
				CLANG_WARN_CONSTANT_CONVERSION = YES;
				CLANG_WARN_DEPRECATED_OBJC_IMPLEMENTATIONS = YES;
				CLANG_WARN_DIRECT_OBJC_ISA_USAGE = YES_ERROR;
				CLANG_WARN_DOCUMENTATION_COMMENTS = YES;
				CLANG_WARN_EMPTY_BODY = YES;
				CLANG_WARN_ENUM_CONVERSION = YES;
				CLANG_WARN_INFINITE_RECURSION = YES;
				CLANG_WARN_INT_CONVERSION = YES;
				CLANG_WARN_NON_LITERAL_NULL_CONVERSION = YES;
				CLANG_WARN_OBJC_IMPLICIT_RETAIN_SELF = YES;
				CLANG_WARN_OBJC_LITERAL_CONVERSION = YES;
				CLANG_WARN_OBJC_ROOT_CLASS = YES_ERROR;
				CLANG_WARN_QUOTED_INCLUDE_IN_FRAMEWORK_HEADER = YES;
				CLANG_WARN_RANGE_LOOP_ANALYSIS = YES;
				CLANG_WARN_STRICT_PROTOTYPES = YES;
				CLANG_WARN_SUSPICIOUS_MOVE = YES;
				CLANG_WARN_UNGUARDED_AVAILABILITY = YES_AGGRESSIVE;
				CLANG_WARN_UNREACHABLE_CODE = YES;
				CLANG_WARN__DUPLICATE_METHOD_MATCH = YES;
				COPY_PHASE_STRIP = NO;
				DEBUG_INFORMATION_FORMAT = dwarf;
				ENABLE_STRICT_OBJC_MSGSEND = YES;
				ENABLE_TESTABILITY = YES;
				ENABLE_USER_SCRIPT_SANDBOXING = YES;
				GCC_C_LANGUAGE_STANDARD = gnu17;
				GCC_DYNAMIC_NO_PIC = NO;
				GCC_NO_COMMON_BLOCKS = YES;
				GCC_OPTIMIZATION_LEVEL = 0;
				GCC_PREPROCESSOR_DEFINITIONS = (
					"DEBUG=1",
					"$(inherited)",
				);
				GCC_WARN_64_TO_32_BIT_CONVERSION = YES;
				GCC_WARN_ABOUT_RETURN_TYPE = YES_ERROR;
				GCC_WARN_UNDECLARED_SELECTOR = YES;
				GCC_WARN_UNINITIALIZED_AUTOS = YES_AGGRESSIVE;
				GCC_WARN_UNUSED_FUNCTION = YES;
				GCC_WARN_UNUSED_VARIABLE = YES;
				IPHONEOS_DEPLOYMENT_TARGET = 17.4;
				LOCALIZATION_PREFERS_STRING_CATALOGS = YES;
				MTL_ENABLE_DEBUG_INFO = INCLUDE_SOURCE;
				MTL_FAST_MATH = YES;
				ONLY_ACTIVE_ARCH = YES;
				SDKROOT = iphoneos;
				SWIFT_ACTIVE_COMPILATION_CONDITIONS = "DEBUG $(inherited)";
				SWIFT_OPTIMIZATION_LEVEL = "-Onone";
			};
			name = Debug;
		};
		892F1AE62B9C05D400188704 /* Release */ = {
			isa = XCBuildConfiguration;
			buildSettings = {
				ALWAYS_SEARCH_USER_PATHS = NO;
				ASSETCATALOG_COMPILER_GENERATE_SWIFT_ASSET_SYMBOL_EXTENSIONS = YES;
				CLANG_ANALYZER_NONNULL = YES;
				CLANG_ANALYZER_NUMBER_OBJECT_CONVERSION = YES_AGGRESSIVE;
				CLANG_CXX_LANGUAGE_STANDARD = "gnu++20";
				CLANG_ENABLE_MODULES = YES;
				CLANG_ENABLE_OBJC_ARC = YES;
				CLANG_ENABLE_OBJC_WEAK = YES;
				CLANG_WARN_BLOCK_CAPTURE_AUTORELEASING = YES;
				CLANG_WARN_BOOL_CONVERSION = YES;
				CLANG_WARN_COMMA = YES;
				CLANG_WARN_CONSTANT_CONVERSION = YES;
				CLANG_WARN_DEPRECATED_OBJC_IMPLEMENTATIONS = YES;
				CLANG_WARN_DIRECT_OBJC_ISA_USAGE = YES_ERROR;
				CLANG_WARN_DOCUMENTATION_COMMENTS = YES;
				CLANG_WARN_EMPTY_BODY = YES;
				CLANG_WARN_ENUM_CONVERSION = YES;
				CLANG_WARN_INFINITE_RECURSION = YES;
				CLANG_WARN_INT_CONVERSION = YES;
				CLANG_WARN_NON_LITERAL_NULL_CONVERSION = YES;
				CLANG_WARN_OBJC_IMPLICIT_RETAIN_SELF = YES;
				CLANG_WARN_OBJC_LITERAL_CONVERSION = YES;
				CLANG_WARN_OBJC_ROOT_CLASS = YES_ERROR;
				CLANG_WARN_QUOTED_INCLUDE_IN_FRAMEWORK_HEADER = YES;
				CLANG_WARN_RANGE_LOOP_ANALYSIS = YES;
				CLANG_WARN_STRICT_PROTOTYPES = YES;
				CLANG_WARN_SUSPICIOUS_MOVE = YES;
				CLANG_WARN_UNGUARDED_AVAILABILITY = YES_AGGRESSIVE;
				CLANG_WARN_UNREACHABLE_CODE = YES;
				CLANG_WARN__DUPLICATE_METHOD_MATCH = YES;
				COPY_PHASE_STRIP = NO;
				DEBUG_INFORMATION_FORMAT = "dwarf-with-dsym";
				ENABLE_NS_ASSERTIONS = NO;
				ENABLE_STRICT_OBJC_MSGSEND = YES;
				ENABLE_USER_SCRIPT_SANDBOXING = YES;
				GCC_C_LANGUAGE_STANDARD = gnu17;
				GCC_NO_COMMON_BLOCKS = YES;
				GCC_WARN_64_TO_32_BIT_CONVERSION = YES;
				GCC_WARN_ABOUT_RETURN_TYPE = YES_ERROR;
				GCC_WARN_UNDECLARED_SELECTOR = YES;
				GCC_WARN_UNINITIALIZED_AUTOS = YES_AGGRESSIVE;
				GCC_WARN_UNUSED_FUNCTION = YES;
				GCC_WARN_UNUSED_VARIABLE = YES;
				IPHONEOS_DEPLOYMENT_TARGET = 17.4;
				LOCALIZATION_PREFERS_STRING_CATALOGS = YES;
				MTL_ENABLE_DEBUG_INFO = NO;
				MTL_FAST_MATH = YES;
				SDKROOT = iphoneos;
				SWIFT_COMPILATION_MODE = wholemodule;
				VALIDATE_PRODUCT = YES;
			};
			name = Release;
		};
		892F1AE82B9C05D400188704 /* Debug */ = {
			isa = XCBuildConfiguration;
			buildSettings = {
				ASSETCATALOG_COMPILER_APPICON_NAME = AppIcon;
				ASSETCATALOG_COMPILER_GLOBAL_ACCENT_COLOR_NAME = AccentColor;
				CODE_SIGN_STYLE = Automatic;
				CURRENT_PROJECT_VERSION = 1;
				DEVELOPMENT_ASSET_PATHS = "\"AppleiPhoneChoose/Preview Content\"";
				DEVELOPMENT_TEAM = 2L3A93D33C;
				ENABLE_PREVIEWS = YES;
				GENERATE_INFOPLIST_FILE = YES;
				INFOPLIST_KEY_UIApplicationSceneManifest_Generation = YES;
				INFOPLIST_KEY_UIApplicationSupportsIndirectInputEvents = YES;
				INFOPLIST_KEY_UILaunchScreen_Generation = YES;
				INFOPLIST_KEY_UISupportedInterfaceOrientations_iPad = "UIInterfaceOrientationPortrait UIInterfaceOrientationPortraitUpsideDown UIInterfaceOrientationLandscapeLeft UIInterfaceOrientationLandscapeRight";
				INFOPLIST_KEY_UISupportedInterfaceOrientations_iPhone = "UIInterfaceOrientationPortrait UIInterfaceOrientationLandscapeLeft UIInterfaceOrientationLandscapeRight";
				LD_RUNPATH_SEARCH_PATHS = (
					"$(inherited)",
					"@executable_path/Frameworks",
				);
				MARKETING_VERSION = 1.0;
				PRODUCT_BUNDLE_IDENTIFIER = com.tinduong.FirstAssignment.AppleiPhoneChoose;
				PRODUCT_NAME = "$(TARGET_NAME)";
				SWIFT_EMIT_LOC_STRINGS = YES;
				SWIFT_VERSION = 5.0;
				TARGETED_DEVICE_FAMILY = "1,2";
			};
			name = Debug;
		};
		892F1AE92B9C05D400188704 /* Release */ = {
			isa = XCBuildConfiguration;
			buildSettings = {
				ASSETCATALOG_COMPILER_APPICON_NAME = AppIcon;
				ASSETCATALOG_COMPILER_GLOBAL_ACCENT_COLOR_NAME = AccentColor;
				CODE_SIGN_STYLE = Automatic;
				CURRENT_PROJECT_VERSION = 1;
				DEVELOPMENT_ASSET_PATHS = "\"AppleiPhoneChoose/Preview Content\"";
				DEVELOPMENT_TEAM = 2L3A93D33C;
				ENABLE_PREVIEWS = YES;
				GENERATE_INFOPLIST_FILE = YES;
				INFOPLIST_KEY_UIApplicationSceneManifest_Generation = YES;
				INFOPLIST_KEY_UIApplicationSupportsIndirectInputEvents = YES;
				INFOPLIST_KEY_UILaunchScreen_Generation = YES;
				INFOPLIST_KEY_UISupportedInterfaceOrientations_iPad = "UIInterfaceOrientationPortrait UIInterfaceOrientationPortraitUpsideDown UIInterfaceOrientationLandscapeLeft UIInterfaceOrientationLandscapeRight";
				INFOPLIST_KEY_UISupportedInterfaceOrientations_iPhone = "UIInterfaceOrientationPortrait UIInterfaceOrientationLandscapeLeft UIInterfaceOrientationLandscapeRight";
				LD_RUNPATH_SEARCH_PATHS = (
					"$(inherited)",
					"@executable_path/Frameworks",
				);
				MARKETING_VERSION = 1.0;
				PRODUCT_BUNDLE_IDENTIFIER = com.tinduong.FirstAssignment.AppleiPhoneChoose;
				PRODUCT_NAME = "$(TARGET_NAME)";
				SWIFT_EMIT_LOC_STRINGS = YES;
				SWIFT_VERSION = 5.0;
				TARGETED_DEVICE_FAMILY = "1,2";
			};
			name = Release;
		};
		892F1AEB2B9C05D400188704 /* Debug */ = {
			isa = XCBuildConfiguration;
			buildSettings = {
				ALWAYS_EMBED_SWIFT_STANDARD_LIBRARIES = YES;
				BUNDLE_LOADER = "$(TEST_HOST)";
				CODE_SIGN_STYLE = Automatic;
				CURRENT_PROJECT_VERSION = 1;
				DEVELOPMENT_TEAM = 2L3A93D33C;
				GENERATE_INFOPLIST_FILE = YES;
				IPHONEOS_DEPLOYMENT_TARGET = 17.4;
				MARKETING_VERSION = 1.0;
				PRODUCT_BUNDLE_IDENTIFIER = com.tinduong.FirstAssignment.AppleiPhoneChooseTests;
				PRODUCT_NAME = "$(TARGET_NAME)";
				SWIFT_EMIT_LOC_STRINGS = NO;
				SWIFT_VERSION = 5.0;
				TARGETED_DEVICE_FAMILY = "1,2";
				TEST_HOST = "$(BUILT_PRODUCTS_DIR)/AppleiPhoneChoose.app/$(BUNDLE_EXECUTABLE_FOLDER_PATH)/AppleiPhoneChoose";
			};
			name = Debug;
		};
		892F1AEC2B9C05D400188704 /* Release */ = {
			isa = XCBuildConfiguration;
			buildSettings = {
				ALWAYS_EMBED_SWIFT_STANDARD_LIBRARIES = YES;
				BUNDLE_LOADER = "$(TEST_HOST)";
				CODE_SIGN_STYLE = Automatic;
				CURRENT_PROJECT_VERSION = 1;
				DEVELOPMENT_TEAM = 2L3A93D33C;
				GENERATE_INFOPLIST_FILE = YES;
				IPHONEOS_DEPLOYMENT_TARGET = 17.4;
				MARKETING_VERSION = 1.0;
				PRODUCT_BUNDLE_IDENTIFIER = com.tinduong.FirstAssignment.AppleiPhoneChooseTests;
				PRODUCT_NAME = "$(TARGET_NAME)";
				SWIFT_EMIT_LOC_STRINGS = NO;
				SWIFT_VERSION = 5.0;
				TARGETED_DEVICE_FAMILY = "1,2";
				TEST_HOST = "$(BUILT_PRODUCTS_DIR)/AppleiPhoneChoose.app/$(BUNDLE_EXECUTABLE_FOLDER_PATH)/AppleiPhoneChoose";
			};
			name = Release;
		};
		892F1AEE2B9C05D400188704 /* Debug */ = {
			isa = XCBuildConfiguration;
			buildSettings = {
				ALWAYS_EMBED_SWIFT_STANDARD_LIBRARIES = YES;
				CODE_SIGN_STYLE = Automatic;
				CURRENT_PROJECT_VERSION = 1;
				DEVELOPMENT_TEAM = 2L3A93D33C;
				GENERATE_INFOPLIST_FILE = YES;
				MARKETING_VERSION = 1.0;
				PRODUCT_BUNDLE_IDENTIFIER = com.tinduong.FirstAssignment.AppleiPhoneChooseUITests;
				PRODUCT_NAME = "$(TARGET_NAME)";
				SWIFT_EMIT_LOC_STRINGS = NO;
				SWIFT_VERSION = 5.0;
				TARGETED_DEVICE_FAMILY = "1,2";
				TEST_TARGET_NAME = AppleiPhoneChoose;
			};
			name = Debug;
		};
		892F1AEF2B9C05D400188704 /* Release */ = {
			isa = XCBuildConfiguration;
			buildSettings = {
				ALWAYS_EMBED_SWIFT_STANDARD_LIBRARIES = YES;
				CODE_SIGN_STYLE = Automatic;
				CURRENT_PROJECT_VERSION = 1;
				DEVELOPMENT_TEAM = 2L3A93D33C;
				GENERATE_INFOPLIST_FILE = YES;
				MARKETING_VERSION = 1.0;
				PRODUCT_BUNDLE_IDENTIFIER = com.tinduong.FirstAssignment.AppleiPhoneChooseUITests;
				PRODUCT_NAME = "$(TARGET_NAME)";
				SWIFT_EMIT_LOC_STRINGS = NO;
				SWIFT_VERSION = 5.0;
				TARGETED_DEVICE_FAMILY = "1,2";
				TEST_TARGET_NAME = AppleiPhoneChoose;
			};
			name = Release;
		};
/* End XCBuildConfiguration section */

/* Begin XCConfigurationList section */
		892F1ABE2B9C05D000188704 /* Build configuration list for PBXProject "AppleiPhoneChoose" */ = {
			isa = XCConfigurationList;
			buildConfigurations = (
				892F1AE52B9C05D400188704 /* Debug */,
				892F1AE62B9C05D400188704 /* Release */,
			);
			defaultConfigurationIsVisible = 0;
			defaultConfigurationName = Release;
		};
		892F1AE72B9C05D400188704 /* Build configuration list for PBXNativeTarget "AppleiPhoneChoose" */ = {
			isa = XCConfigurationList;
			buildConfigurations = (
				892F1AE82B9C05D400188704 /* Debug */,
				892F1AE92B9C05D400188704 /* Release */,
			);
			defaultConfigurationIsVisible = 0;
			defaultConfigurationName = Release;
		};
		892F1AEA2B9C05D400188704 /* Build configuration list for PBXNativeTarget "AppleiPhoneChooseTests" */ = {
			isa = XCConfigurationList;
			buildConfigurations = (
				892F1AEB2B9C05D400188704 /* Debug */,
				892F1AEC2B9C05D400188704 /* Release */,
			);
			defaultConfigurationIsVisible = 0;
			defaultConfigurationName = Release;
		};
		892F1AED2B9C05D400188704 /* Build configuration list for PBXNativeTarget "AppleiPhoneChooseUITests" */ = {
			isa = XCConfigurationList;
			buildConfigurations = (
				892F1AEE2B9C05D400188704 /* Debug */,
				892F1AEF2B9C05D400188704 /* Release */,
			);
			defaultConfigurationIsVisible = 0;
			defaultConfigurationName = Release;
		};
/* End XCConfigurationList section */
	};
	rootObject = 892F1ABB2B9C05D000188704 /* Project object */;
}
